
Microsoft Visual Studio Solution File, Format Version 12.00
# Visual Studio Version 16
VisualStudioVersion = 16.0.30011.22
MinimumVisualStudioVersion = 10.0.40219.1
Project("{FAE04EC0-301F-11D3-BF4B-00C04F79EFBC}") = "Lab 6 Powers Table", "Lab 6 Powers Table\Lab 6 Powers Table.csproj", "{425098A7-607C-4245-BDB1-7C135DC7F311}"
EndProject
Global
	GlobalSection(SolutionConfigurationPlatforms) = preSolution
		Debug|Any CPU = Debug|Any CPU
		Release|Any CPU = Release|Any CPU
	EndGlobalSection
	GlobalSection(ProjectConfigurationPlatforms) = postSolution
		{425098A7-607C-4245-BDB1-7C135DC7F311}.Debug|Any CPU.ActiveCfg = Debug|Any CPU
		{425098A7-607C-4245-BDB1-7C135DC7F311}.Debug|Any CPU.Build.0 = Debug|Any CPU
		{425098A7-607C-4245-BDB1-7C135DC7F311}.Release|Any CPU.ActiveCfg = Release|Any CPU
		{425098A7-607C-4245-BDB1-7C135DC7F311}.Release|Any CPU.Build.0 = Release|Any CPU
	EndGlobalSection
	GlobalSection(SolutionProperties) = preSolution
		HideSolutionNode = FALSE
	EndGlobalSection
	GlobalSection(ExtensibilityGlobals) = postSolution
		SolutionGuid = {BEEC26F1-5540-4EAB-B57F-79D38EE022FB}
	EndGlobalSection
EndGlobal
